
Microsoft Visual Studio Solution File, Format Version 12.00
# Visual Studio 2015
Project("{FAE04EC0-301F-11D3-BF4B-00C04F79EFBC}") = "SYmulator bohatera", "SYmulator bohatera.csproj", "{94F29894-E548-2346-5AE5-2551A5F8B4B5}"
EndProject
Global
	GlobalSection(SolutionConfigurationPlatforms) = preSolution
		Debug|Any CPU = Debug|Any CPU
		Release|Any CPU = Release|Any CPU
	EndGlobalSection
	GlobalSection(ProjectConfigurationPlatforms) = postSolution
		{94F29894-E548-2346-5AE5-2551A5F8B4B5}.Debug|Any CPU.ActiveCfg = Debug|Any CPU
		{94F29894-E548-2346-5AE5-2551A5F8B4B5}.Debug|Any CPU.Build.0 = Debug|Any CPU
		{94F29894-E548-2346-5AE5-2551A5F8B4B5}.Release|Any CPU.ActiveCfg = Release|Any CPU
		{94F29894-E548-2346-5AE5-2551A5F8B4B5}.Release|Any CPU.Build.0 = Release|Any CPU
	EndGlobalSection
	GlobalSection(SolutionProperties) = preSolution
		HideSolutionNode = FALSE
	EndGlobalSection
EndGlobal
